
Microsoft Visual Studio Solution File, Format Version 12.00
# Visual Studio Version 16
VisualStudioVersion = 16.0.29102.190
MinimumVisualStudioVersion = 10.0.40219.1
Project("{FAE04EC0-301F-11D3-BF4B-00C04F79EFBC}") = "bootstrap.client", "bootstrap.client\bootstrap.client.csproj", "{5E213671-2585-490E-9570-53C0C2FC498E}"
EndProject
Global
	GlobalSection(SolutionConfigurationPlatforms) = preSolution
		Debug|Any CPU = Debug|Any CPU
		Release|Any CPU = Release|Any CPU
	EndGlobalSection
	GlobalSection(ProjectConfigurationPlatforms) = postSolution
		{5E213671-2585-490E-9570-53C0C2FC498E}.Debug|Any CPU.ActiveCfg = Debug|Any CPU
		{5E213671-2585-490E-9570-53C0C2FC498E}.Debug|Any CPU.Build.0 = Debug|Any CPU
		{5E213671-2585-490E-9570-53C0C2FC498E}.Release|Any CPU.ActiveCfg = Release|Any CPU
		{5E213671-2585-490E-9570-53C0C2FC498E}.Release|Any CPU.Build.0 = Release|Any CPU
	EndGlobalSection
	GlobalSection(SolutionProperties) = preSolution
		HideSolutionNode = FALSE
	EndGlobalSection
	GlobalSection(ExtensibilityGlobals) = postSolution
		SolutionGuid = {366AD641-7758-4CEC-9C13-E614ACD73CA3}
	EndGlobalSection
EndGlobal
